
Microsoft Visual Studio Solution File, Format Version 12.00
# Visual Studio Version 16
VisualStudioVersion = 16.0.32106.194
MinimumVisualStudioVersion = 10.0.40219.1
Project("{FAE04EC0-301F-11D3-BF4B-00C04F79EFBC}") = "MySqlCountries", "MySqlCountries\MySqlCountries.csproj", "{76A9FDEF-F129-44D6-99F8-B87C446097C9}"
EndProject
Project("{FAE04EC0-301F-11D3-BF4B-00C04F79EFBC}") = "OOP", "OOP\OOP.csproj", "{68D5096C-F815-4708-A8AD-7E623B0872DC}"
EndProject
Global
	GlobalSection(SolutionConfigurationPlatforms) = preSolution
		Debug|Any CPU = Debug|Any CPU
		Release|Any CPU = Release|Any CPU
	EndGlobalSection
	GlobalSection(ProjectConfigurationPlatforms) = postSolution
		{76A9FDEF-F129-44D6-99F8-B87C446097C9}.Debug|Any CPU.ActiveCfg = Debug|Any CPU
		{76A9FDEF-F129-44D6-99F8-B87C446097C9}.Debug|Any CPU.Build.0 = Debug|Any CPU
		{76A9FDEF-F129-44D6-99F8-B87C446097C9}.Release|Any CPU.ActiveCfg = Release|Any CPU
		{76A9FDEF-F129-44D6-99F8-B87C446097C9}.Release|Any CPU.Build.0 = Release|Any CPU
		{68D5096C-F815-4708-A8AD-7E623B0872DC}.Debug|Any CPU.ActiveCfg = Debug|Any CPU
		{68D5096C-F815-4708-A8AD-7E623B0872DC}.Debug|Any CPU.Build.0 = Debug|Any CPU
		{68D5096C-F815-4708-A8AD-7E623B0872DC}.Release|Any CPU.ActiveCfg = Release|Any CPU
		{68D5096C-F815-4708-A8AD-7E623B0872DC}.Release|Any CPU.Build.0 = Release|Any CPU
	EndGlobalSection
	GlobalSection(SolutionProperties) = preSolution
		HideSolutionNode = FALSE
	EndGlobalSection
	GlobalSection(ExtensibilityGlobals) = postSolution
		SolutionGuid = {C6D492F7-4A13-479B-972A-FFEF05896E1F}
	EndGlobalSection
EndGlobal
